{
  "pins" : [
    {
      "identity" : "cubefoundation-ios",
      "kind" : "remoteSourceControl",
      "location" : "https://github.com/3sidedcube/cubefoundation-ios/",
      "state" : {
        "branch" : "swift/5.6",
        "revision" : "93211d0119061880ffcc6d0aaeb007e343786c43"
      }
    }
  ],
  "version" : 2
}
