{
  "pins" : [
    {
      "identity" : "cubefoundation-ios",
      "kind" : "remoteSourceControl",
      "location" : "https://github.com/3sidedcube/cubefoundation-ios/",
      "state" : {
        "branch" : "develop",
        "revision" : "cd545cc9aefd43925f4ebc9ff9060e436e4cb01c"
      }
    }
  ],
  "version" : 2
}
