{
  "pins" : [
    {
      "identity" : "cubefoundation-ios",
      "kind" : "remoteSourceControl",
      "location" : "https://github.com/3sidedcube/cubefoundation-ios/",
      "state" : {
        "branch" : "develop",
        "revision" : "792c470aef018dc9754544bed79b8405cb1dea14"
      }
    }
  ],
  "version" : 2
}
